
Microsoft Visual Studio Solution File, Format Version 12.00
# Visual Studio Version 17
VisualStudioVersion = 17.8.34408.163
MinimumVisualStudioVersion = 10.0.40219.1
Project("{FAE04EC0-301F-11D3-BF4B-00C04F79EFBC}") = "InfobipAssignment", "InfobipAssignment.csproj", "{B0D94150-A81A-4EDA-B5F1-369B48790B6C}"
EndProject
Global
	GlobalSection(SolutionConfigurationPlatforms) = preSolution
		Debug|Any CPU = Debug|Any CPU
		Release|Any CPU = Release|Any CPU
	EndGlobalSection
	GlobalSection(ProjectConfigurationPlatforms) = postSolution
		{B0D94150-A81A-4EDA-B5F1-369B48790B6C}.Debug|Any CPU.ActiveCfg = Debug|Any CPU
		{B0D94150-A81A-4EDA-B5F1-369B48790B6C}.Debug|Any CPU.Build.0 = Debug|Any CPU
		{B0D94150-A81A-4EDA-B5F1-369B48790B6C}.Release|Any CPU.ActiveCfg = Release|Any CPU
		{B0D94150-A81A-4EDA-B5F1-369B48790B6C}.Release|Any CPU.Build.0 = Release|Any CPU
	EndGlobalSection
	GlobalSection(SolutionProperties) = preSolution
		HideSolutionNode = FALSE
	EndGlobalSection
	GlobalSection(ExtensibilityGlobals) = postSolution
		SolutionGuid = {D0481C7B-840A-4FEC-8561-CBE05FDD7A7E}
	EndGlobalSection
EndGlobal
